// !$*UTF8*$!
{
	archiveVersion = 1;
	classes = {
	};
	objectVersion = 54;
	objects = {

/* Begin PBXAggregateTarget section */
		037F74433C4C4EB4AFA7DF6E /* ALL_BUILD */ = {
			isa = PBXAggregateTarget;
			buildConfigurationList = FDB5E32BBE2B49D29535E91E /* Build configuration list for PBXAggregateTarget "ALL_BUILD" */;
			buildPhases = (
				89A82F88098F3D11A7F6930D /* Generate CMakeFiles/ALL_BUILD */,
			);
			dependencies = (
				6B19F321C2A74C9385C8B941 /* PBXTargetDependency */,
				7AC11BE549B049959E823FF4 /* PBXTargetDependency */,
			);
			name = ALL_BUILD;
			productName = ALL_BUILD;
		};
		28B2C64206AC4DF4B9BBF37A /* ZERO_CHECK */ = {
			isa = PBXAggregateTarget;
			buildConfigurationList = CFC4F4F1295447B9B8E82ADD /* Build configuration list for PBXAggregateTarget "ZERO_CHECK" */;
			buildPhases = (
				FA9701EF3E71FA111B1D82DF /* Generate CMakeFiles/ZERO_CHECK */,
			);
			dependencies = (
			);
			name = ZERO_CHECK;
			productName = ZERO_CHECK;
		};
/* End PBXAggregateTarget section */

/* Begin PBXBuildFile section */
		E82AE8A7A4D44E09A84D4412 /* main.cpp in Sources */ = {isa = PBXBuildFile; fileRef = 9CF06A659F524CEBBEF769A7 /* main.cpp */; };
/* End PBXBuildFile section */

/* Begin PBXContainerItemProxy section */
		03BE4778044D4E19AD2529AB /* PBXContainerItemProxy */ = {
			isa = PBXContainerItemProxy;
			containerPortal = 1C46516217F642A58D54E688 /* Project object */;
			proxyType = 1;
			remoteGlobalIDString = 928CED0B04A94E88B8EB1032;
			remoteInfo = app;
		};
		F7EF1B3DF3404D23A7070528 /* PBXContainerItemProxy */ = {
			isa = PBXContainerItemProxy;
			containerPortal = 1C46516217F642A58D54E688 /* Project object */;
			proxyType = 1;
			remoteGlobalIDString = 28B2C64206AC4DF4B9BBF37A;
			remoteInfo = ZERO_CHECK;
		};
		FC2049AA022F4BE09BD1D441 /* PBXContainerItemProxy */ = {
			isa = PBXContainerItemProxy;
			containerPortal = 1C46516217F642A58D54E688 /* Project object */;
			proxyType = 1;
			remoteGlobalIDString = 28B2C64206AC4DF4B9BBF37A;
			remoteInfo = ZERO_CHECK;
		};
/* End PBXContainerItemProxy section */

/* Begin PBXFileReference section */
		08D32CA142D84578B16CE914 /* CMakeLists.txt */ = {isa = PBXFileReference; explicitFileType = sourcecode.text; fileEncoding = 4; lastKnownFileType = text; path = CMakeLists.txt; sourceTree = SOURCE_ROOT; };
		13965D8D2ADE6154004C92E7 /* Point.h */ = {isa = PBXFileReference; lastKnownFileType = sourcecode.c.h; path = Point.h; sourceTree = "<group>"; };
		13965D942ADE6980004C92E7 /* Circle.h */ = {isa = PBXFileReference; lastKnownFileType = sourcecode.c.h; path = Circle.h; sourceTree = "<group>"; };
		13965D952ADE6B9A004C92E7 /* Curve.h */ = {isa = PBXFileReference; lastKnownFileType = sourcecode.c.h; path = Curve.h; sourceTree = "<group>"; };
		13965D992ADE7DF1004C92E7 /* Ellipse.h */ = {isa = PBXFileReference; lastKnownFileType = sourcecode.c.h; path = Ellipse.h; sourceTree = "<group>"; };
		13965D9E2ADE8495004C92E7 /* Helix.h */ = {isa = PBXFileReference; lastKnownFileType = sourcecode.c.h; path = Helix.h; sourceTree = "<group>"; };
		9CF06A659F524CEBBEF769A7 /* main.cpp */ = {isa = PBXFileReference; explicitFileType = sourcecode.cpp.cpp; fileEncoding = 4; path = main.cpp; sourceTree = SOURCE_ROOT; };
		A1E7935C33A4443D820C18D6 /* CMakeLists.txt */ = {isa = PBXFileReference; explicitFileType = sourcecode.text; fileEncoding = 4; lastKnownFileType = text; path = CMakeLists.txt; sourceTree = SOURCE_ROOT; };
		FF36728CC32B49B58E89DE8C /* app */ = {isa = PBXFileReference; explicitFileType = "compiled.mach-o.executable"; path = app; sourceTree = BUILT_PRODUCTS_DIR; };
/* End PBXFileReference section */

/* Begin PBXFrameworksBuildPhase section */
		378E0D77F0A0493DA67FD355 /* Frameworks */ = {
			isa = PBXFrameworksBuildPhase;
			buildActionMask = 2147483647;
			files = (
			);
			runOnlyForDeploymentPostprocessing = 0;
		};
/* End PBXFrameworksBuildPhase section */

/* Begin PBXGroup section */
		0820D3D9136E41E9B3FF466A = {
			isa = PBXGroup;
			children = (
				F9C28CFB6D504D369B362CEC /* app */,
				2362ADB039674E31BC32070E /* ALL_BUILD */,
				BCA00E654D064DA487D40B36 /* Products */,
				D6B061F0CFBC43609A03412A /* Frameworks */,
			);
			sourceTree = "<group>";
		};
		2362ADB039674E31BC32070E /* ALL_BUILD */ = {
			isa = PBXGroup;
			children = (
				483E6218C16A41CCBF494521 /* CMake Rules */,
				08D32CA142D84578B16CE914 /* CMakeLists.txt */,
			);
			name = ALL_BUILD;
			sourceTree = "<group>";
		};
		483E6218C16A41CCBF494521 /* CMake Rules */ = {
			isa = PBXGroup;
			children = (
			);
			name = "CMake Rules";
			sourceTree = "<group>";
		};
		97383480D75D4984B9A6F087 /* Source Files */ = {
			isa = PBXGroup;
			children = (
				9CF06A659F524CEBBEF769A7 /* main.cpp */,
				13965D942ADE6980004C92E7 /* Circle.h */,
				13965D992ADE7DF1004C92E7 /* Ellipse.h */,
				13965D9E2ADE8495004C92E7 /* Helix.h */,
				13965D952ADE6B9A004C92E7 /* Curve.h */,
				13965D8D2ADE6154004C92E7 /* Point.h */,
			);
			name = "Source Files";
			sourceTree = "<group>";
		};
		BCA00E654D064DA487D40B36 /* Products */ = {
			isa = PBXGroup;
			children = (
				FF36728CC32B49B58E89DE8C /* app */,
			);
			name = Products;
			sourceTree = "<group>";
		};
		D6B061F0CFBC43609A03412A /* Frameworks */ = {
			isa = PBXGroup;
			children = (
			);
			name = Frameworks;
			sourceTree = "<group>";
		};
		F9C28CFB6D504D369B362CEC /* app */ = {
			isa = PBXGroup;
			children = (
				97383480D75D4984B9A6F087 /* Source Files */,
				A1E7935C33A4443D820C18D6 /* CMakeLists.txt */,
			);
			name = app;
			sourceTree = "<group>";
		};
/* End PBXGroup section */

/* Begin PBXNativeTarget section */
		928CED0B04A94E88B8EB1032 /* app */ = {
			isa = PBXNativeTarget;
			buildConfigurationList = BBAD967DA3AA4B4083A5A938 /* Build configuration list for PBXNativeTarget "app" */;
			buildPhases = (
				CC9CD29EB3B3442B9645F69A /* Sources */,
				378E0D77F0A0493DA67FD355 /* Frameworks */,
			);
			buildRules = (
			);
			dependencies = (
				4CDD97D0C8DF4E3F9B211700 /* PBXTargetDependency */,
			);
			name = app;
			productName = app;
			productReference = FF36728CC32B49B58E89DE8C /* app */;
			productType = "com.apple.product-type.tool";
		};
/* End PBXNativeTarget section */

/* Begin PBXProject section */
		1C46516217F642A58D54E688 /* Project object */ = {
			isa = PBXProject;
			attributes = {
				LastUpgradeCheck = 1240;
			};
			buildConfigurationList = 48D7224F945D4BB895F65F28 /* Build configuration list for PBXProject "cadex_cpp" */;
			compatibilityVersion = "Xcode 3.2";
			developmentRegion = en;
			hasScannedForEncodings = 0;
			knownRegions = (
				en,
				Base,
			);
			mainGroup = 0820D3D9136E41E9B3FF466A;
			projectDirPath = ../;
			projectRoot = "";
			targets = (
				037F74433C4C4EB4AFA7DF6E /* ALL_BUILD */,
				28B2C64206AC4DF4B9BBF37A /* ZERO_CHECK */,
				928CED0B04A94E88B8EB1032 /* app */,
			);
		};
/* End PBXProject section */

/* Begin PBXShellScriptBuildPhase section */
		89A82F88098F3D11A7F6930D /* Generate CMakeFiles/ALL_BUILD */ = {
			isa = PBXShellScriptBuildPhase;
			alwaysOutOfDate = 1;
			buildActionMask = 2147483647;
			files = (
			);
			inputPaths = (
			);
			name = "Generate CMakeFiles/ALL_BUILD";
			outputPaths = (
				/Volumes/TOSHIBA/cadex_cpp/xcode/CMakeFiles/ALL_BUILD,
			);
			runOnlyForDeploymentPostprocessing = 0;
			shellPath = /bin/sh;
			shellScript = "set -e\nif test \"$CONFIGURATION\" = \"Debug\"; then :\n  cd /Volumes/TOSHIBA/cadex_cpp/xcode\n  echo Build\\ all\\ projects\nfi\nif test \"$CONFIGURATION\" = \"Release\"; then :\n  cd /Volumes/TOSHIBA/cadex_cpp/xcode\n  echo Build\\ all\\ projects\nfi\nif test \"$CONFIGURATION\" = \"MinSizeRel\"; then :\n  cd /Volumes/TOSHIBA/cadex_cpp/xcode\n  echo Build\\ all\\ projects\nfi\nif test \"$CONFIGURATION\" = \"RelWithDebInfo\"; then :\n  cd /Volumes/TOSHIBA/cadex_cpp/xcode\n  echo Build\\ all\\ projects\nfi\n";
			showEnvVarsInLog = 0;
		};
		FA9701EF3E71FA111B1D82DF /* Generate CMakeFiles/ZERO_CHECK */ = {
			isa = PBXShellScriptBuildPhase;
			alwaysOutOfDate = 1;
			buildActionMask = 2147483647;
			files = (
			);
			inputPaths = (
			);
			name = "Generate CMakeFiles/ZERO_CHECK";
			outputPaths = (
				/Volumes/TOSHIBA/cadex_cpp/xcode/CMakeFiles/ZERO_CHECK,
			);
			runOnlyForDeploymentPostprocessing = 0;
			shellPath = /bin/sh;
			shellScript = "set -e\nif test \"$CONFIGURATION\" = \"Debug\"; then :\n  cd /Volumes/TOSHIBA/cadex_cpp/xcode\n  make -f /Volumes/TOSHIBA/cadex_cpp/xcode/CMakeScripts/ReRunCMake.make\nfi\nif test \"$CONFIGURATION\" = \"Release\"; then :\n  cd /Volumes/TOSHIBA/cadex_cpp/xcode\n  make -f /Volumes/TOSHIBA/cadex_cpp/xcode/CMakeScripts/ReRunCMake.make\nfi\nif test \"$CONFIGURATION\" = \"MinSizeRel\"; then :\n  cd /Volumes/TOSHIBA/cadex_cpp/xcode\n  make -f /Volumes/TOSHIBA/cadex_cpp/xcode/CMakeScripts/ReRunCMake.make\nfi\nif test \"$CONFIGURATION\" = \"RelWithDebInfo\"; then :\n  cd /Volumes/TOSHIBA/cadex_cpp/xcode\n  make -f /Volumes/TOSHIBA/cadex_cpp/xcode/CMakeScripts/ReRunCMake.make\nfi\n";
			showEnvVarsInLog = 0;
		};
/* End PBXShellScriptBuildPhase section */

/* Begin PBXSourcesBuildPhase section */
		CC9CD29EB3B3442B9645F69A /* Sources */ = {
			isa = PBXSourcesBuildPhase;
			buildActionMask = 2147483647;
			files = (
				E82AE8A7A4D44E09A84D4412 /* main.cpp in Sources */,
			);
			runOnlyForDeploymentPostprocessing = 0;
		};
/* End PBXSourcesBuildPhase section */

/* Begin PBXTargetDependency section */
		4CDD97D0C8DF4E3F9B211700 /* PBXTargetDependency */ = {
			isa = PBXTargetDependency;
			target = 28B2C64206AC4DF4B9BBF37A /* ZERO_CHECK */;
			targetProxy = FC2049AA022F4BE09BD1D441 /* PBXContainerItemProxy */;
		};
		6B19F321C2A74C9385C8B941 /* PBXTargetDependency */ = {
			isa = PBXTargetDependency;
			target = 28B2C64206AC4DF4B9BBF37A /* ZERO_CHECK */;
			targetProxy = F7EF1B3DF3404D23A7070528 /* PBXContainerItemProxy */;
		};
		7AC11BE549B049959E823FF4 /* PBXTargetDependency */ = {
			isa = PBXTargetDependency;
			target = 928CED0B04A94E88B8EB1032 /* app */;
			targetProxy = 03BE4778044D4E19AD2529AB /* PBXContainerItemProxy */;
		};
/* End PBXTargetDependency section */

/* Begin XCBuildConfiguration section */
		0A6312806AC343FBAE53F598 /* MinSizeRel */ = {
			isa = XCBuildConfiguration;
			buildSettings = {
				COMBINE_HIDPI_IMAGES = YES;
				EXECUTABLE_PREFIX = "";
				EXECUTABLE_SUFFIX = "";
				GCC_GENERATE_DEBUGGING_SYMBOLS = NO;
				GCC_INLINES_ARE_PRIVATE_EXTERN = NO;
				GCC_OPTIMIZATION_LEVEL = s;
				GCC_PREPROCESSOR_DEFINITIONS = "'CMAKE_INTDIR=\"$(CONFIGURATION)$(EFFECTIVE_PLATFORM_NAME)\"'";
				GCC_SYMBOLS_PRIVATE_EXTERN = NO;
				INSTALL_PATH = "";
				OTHER_CPLUSPLUSFLAGS = "    -DNDEBUG ";
				OTHER_LDFLAGS = (
					"-Wl,-search_paths_first",
					"-Wl,-headerpad_max_install_names",
				);
				OTHER_REZFLAGS = "";
				PRODUCT_NAME = app;
				SECTORDER_FLAGS = "";
				SYMROOT = /Volumes/TOSHIBA/cadex_cpp/xcode;
				USE_HEADERMAP = NO;
				WARNING_CFLAGS = "$(inherited)";
			};
			name = MinSizeRel;
		};
		11EF721A298346EE9D62F382 /* Release */ = {
			isa = XCBuildConfiguration;
			buildSettings = {
				COMBINE_HIDPI_IMAGES = YES;
				GCC_GENERATE_DEBUGGING_SYMBOLS = YES;
				GCC_INLINES_ARE_PRIVATE_EXTERN = NO;
				GCC_OPTIMIZATION_LEVEL = 0;
				GCC_PREPROCESSOR_DEFINITIONS = "'CMAKE_INTDIR=\"$(CONFIGURATION)$(EFFECTIVE_PLATFORM_NAME)\"'";
				GCC_SYMBOLS_PRIVATE_EXTERN = NO;
				INSTALL_PATH = "";
				OTHER_LDFLAGS = "";
				OTHER_REZFLAGS = "";
				PRODUCT_NAME = ZERO_CHECK;
				SECTORDER_FLAGS = "";
				SYMROOT = /Volumes/TOSHIBA/cadex_cpp/xcode;
				USE_HEADERMAP = NO;
				WARNING_CFLAGS = "$(inherited)";
			};
			name = Release;
		};
		1F360B95ED124FFB88445051 /* RelWithDebInfo */ = {
			isa = XCBuildConfiguration;
			buildSettings = {
				ARCHS = "$(NATIVE_ARCH_ACTUAL)";
				MACOSX_DEPLOYMENT_TARGET = 10.15;
				ONLY_ACTIVE_ARCH = YES;
				SDKROOT = /Applications/Xcode.app/Contents/Developer/Platforms/MacOSX.platform/Developer/SDKs/MacOSX11.1.sdk;
				SYMROOT = /Volumes/TOSHIBA/cadex_cpp/xcode/build;
			};
			name = RelWithDebInfo;
		};
		3FFDFCBEFBB7448DAF0D84DE /* Release */ = {
			isa = XCBuildConfiguration;
			buildSettings = {
				COMBINE_HIDPI_IMAGES = YES;
				EXECUTABLE_PREFIX = "";
				EXECUTABLE_SUFFIX = "";
				GCC_GENERATE_DEBUGGING_SYMBOLS = NO;
				GCC_INLINES_ARE_PRIVATE_EXTERN = NO;
				GCC_OPTIMIZATION_LEVEL = 3;
				GCC_PREPROCESSOR_DEFINITIONS = "'CMAKE_INTDIR=\"$(CONFIGURATION)$(EFFECTIVE_PLATFORM_NAME)\"'";
				GCC_SYMBOLS_PRIVATE_EXTERN = NO;
				INSTALL_PATH = "";
				OTHER_CPLUSPLUSFLAGS = "    -DNDEBUG ";
				OTHER_LDFLAGS = (
					"-Wl,-search_paths_first",
					"-Wl,-headerpad_max_install_names",
				);
				OTHER_REZFLAGS = "";
				PRODUCT_NAME = app;
				SECTORDER_FLAGS = "";
				SYMROOT = /Volumes/TOSHIBA/cadex_cpp/xcode;
				USE_HEADERMAP = NO;
				WARNING_CFLAGS = "$(inherited)";
			};
			name = Release;
		};
		4CF8DF86F13E4E3AAF20AB8A /* RelWithDebInfo */ = {
			isa = XCBuildConfiguration;
			buildSettings = {
				COMBINE_HIDPI_IMAGES = YES;
				GCC_GENERATE_DEBUGGING_SYMBOLS = YES;
				GCC_INLINES_ARE_PRIVATE_EXTERN = NO;
				GCC_OPTIMIZATION_LEVEL = 0;
				GCC_PREPROCESSOR_DEFINITIONS = "'CMAKE_INTDIR=\"$(CONFIGURATION)$(EFFECTIVE_PLATFORM_NAME)\"'";
				GCC_SYMBOLS_PRIVATE_EXTERN = NO;
				INSTALL_PATH = "";
				OTHER_LDFLAGS = "";
				OTHER_REZFLAGS = "";
				PRODUCT_NAME = ZERO_CHECK;
				SECTORDER_FLAGS = "";
				SYMROOT = /Volumes/TOSHIBA/cadex_cpp/xcode;
				USE_HEADERMAP = NO;
				WARNING_CFLAGS = "$(inherited)";
			};
			name = RelWithDebInfo;
		};
		4DB857F1875047F7867AB848 /* Release */ = {
			isa = XCBuildConfiguration;
			buildSettings = {
				ARCHS = "$(NATIVE_ARCH_ACTUAL)";
				MACOSX_DEPLOYMENT_TARGET = 10.15;
				ONLY_ACTIVE_ARCH = YES;
				SDKROOT = /Applications/Xcode.app/Contents/Developer/Platforms/MacOSX.platform/Developer/SDKs/MacOSX11.1.sdk;
				SYMROOT = /Volumes/TOSHIBA/cadex_cpp/xcode/build;
			};
			name = Release;
		};
		5A917263E9DD4DB291ABD044 /* Debug */ = {
			isa = XCBuildConfiguration;
			buildSettings = {
				COMBINE_HIDPI_IMAGES = YES;
				EXECUTABLE_PREFIX = "";
				EXECUTABLE_SUFFIX = "";
				GCC_GENERATE_DEBUGGING_SYMBOLS = YES;
				GCC_INLINES_ARE_PRIVATE_EXTERN = NO;
				GCC_OPTIMIZATION_LEVEL = 0;
				GCC_PREPROCESSOR_DEFINITIONS = "'CMAKE_INTDIR=\"$(CONFIGURATION)$(EFFECTIVE_PLATFORM_NAME)\"'";
				GCC_SYMBOLS_PRIVATE_EXTERN = NO;
				INSTALL_PATH = "";
				OTHER_CPLUSPLUSFLAGS = "   ";
				OTHER_LDFLAGS = (
					"-Wl,-search_paths_first",
					"-Wl,-headerpad_max_install_names",
				);
				OTHER_REZFLAGS = "";
				PRODUCT_NAME = app;
				SECTORDER_FLAGS = "";
				SYMROOT = /Volumes/TOSHIBA/cadex_cpp/xcode;
				USE_HEADERMAP = NO;
				WARNING_CFLAGS = "$(inherited)";
			};
			name = Debug;
		};
		6BB5FACAF9D642CFA52C825C /* MinSizeRel */ = {
			isa = XCBuildConfiguration;
			buildSettings = {
				COMBINE_HIDPI_IMAGES = YES;
				GCC_GENERATE_DEBUGGING_SYMBOLS = YES;
				GCC_INLINES_ARE_PRIVATE_EXTERN = NO;
				GCC_OPTIMIZATION_LEVEL = 0;
				GCC_PREPROCESSOR_DEFINITIONS = "'CMAKE_INTDIR=\"$(CONFIGURATION)$(EFFECTIVE_PLATFORM_NAME)\"'";
				GCC_SYMBOLS_PRIVATE_EXTERN = NO;
				INSTALL_PATH = "";
				OTHER_LDFLAGS = "";
				OTHER_REZFLAGS = "";
				PRODUCT_NAME = ALL_BUILD;
				SECTORDER_FLAGS = "";
				SYMROOT = /Volumes/TOSHIBA/cadex_cpp/xcode;
				USE_HEADERMAP = NO;
				WARNING_CFLAGS = "$(inherited)";
			};
			name = MinSizeRel;
		};
		6C774AA871C747F286D731ED /* Debug */ = {
			isa = XCBuildConfiguration;
			buildSettings = {
				ARCHS = "$(NATIVE_ARCH_ACTUAL)";
				MACOSX_DEPLOYMENT_TARGET = 10.15;
				ONLY_ACTIVE_ARCH = YES;
				SDKROOT = /Applications/Xcode.app/Contents/Developer/Platforms/MacOSX.platform/Developer/SDKs/MacOSX11.1.sdk;
				SYMROOT = /Volumes/TOSHIBA/cadex_cpp/xcode/build;
			};
			name = Debug;
		};
		6F85E5F542FA4F6EB3B8C3A6 /* Debug */ = {
			isa = XCBuildConfiguration;
			buildSettings = {
				COMBINE_HIDPI_IMAGES = YES;
				GCC_GENERATE_DEBUGGING_SYMBOLS = YES;
				GCC_INLINES_ARE_PRIVATE_EXTERN = NO;
				GCC_OPTIMIZATION_LEVEL = 0;
				GCC_PREPROCESSOR_DEFINITIONS = "'CMAKE_INTDIR=\"$(CONFIGURATION)$(EFFECTIVE_PLATFORM_NAME)\"'";
				GCC_SYMBOLS_PRIVATE_EXTERN = NO;
				INSTALL_PATH = "";
				OTHER_LDFLAGS = "";
				OTHER_REZFLAGS = "";
				PRODUCT_NAME = ALL_BUILD;
				SECTORDER_FLAGS = "";
				SYMROOT = /Volumes/TOSHIBA/cadex_cpp/xcode;
				USE_HEADERMAP = NO;
				WARNING_CFLAGS = "$(inherited)";
			};
			name = Debug;
		};
		9F2C50F938944D03B0422AC2 /* RelWithDebInfo */ = {
			isa = XCBuildConfiguration;
			buildSettings = {
				COMBINE_HIDPI_IMAGES = YES;
				EXECUTABLE_PREFIX = "";
				EXECUTABLE_SUFFIX = "";
				GCC_GENERATE_DEBUGGING_SYMBOLS = YES;
				GCC_INLINES_ARE_PRIVATE_EXTERN = NO;
				GCC_OPTIMIZATION_LEVEL = 2;
				GCC_PREPROCESSOR_DEFINITIONS = "'CMAKE_INTDIR=\"$(CONFIGURATION)$(EFFECTIVE_PLATFORM_NAME)\"'";
				GCC_SYMBOLS_PRIVATE_EXTERN = NO;
				INSTALL_PATH = "";
				OTHER_CPLUSPLUSFLAGS = "       -DNDEBUG ";
				OTHER_LDFLAGS = (
					"-Wl,-search_paths_first",
					"-Wl,-headerpad_max_install_names",
				);
				OTHER_REZFLAGS = "";
				PRODUCT_NAME = app;
				SECTORDER_FLAGS = "";
				SYMROOT = /Volumes/TOSHIBA/cadex_cpp/xcode;
				USE_HEADERMAP = NO;
				WARNING_CFLAGS = "$(inherited)";
			};
			name = RelWithDebInfo;
		};
		AED4C8C7B0BD4BA098D73DEF /* MinSizeRel */ = {
			isa = XCBuildConfiguration;
			buildSettings = {
				COMBINE_HIDPI_IMAGES = YES;
				GCC_GENERATE_DEBUGGING_SYMBOLS = YES;
				GCC_INLINES_ARE_PRIVATE_EXTERN = NO;
				GCC_OPTIMIZATION_LEVEL = 0;
				GCC_PREPROCESSOR_DEFINITIONS = "'CMAKE_INTDIR=\"$(CONFIGURATION)$(EFFECTIVE_PLATFORM_NAME)\"'";
				GCC_SYMBOLS_PRIVATE_EXTERN = NO;
				INSTALL_PATH = "";
				OTHER_LDFLAGS = "";
				OTHER_REZFLAGS = "";
				PRODUCT_NAME = ZERO_CHECK;
				SECTORDER_FLAGS = "";
				SYMROOT = /Volumes/TOSHIBA/cadex_cpp/xcode;
				USE_HEADERMAP = NO;
				WARNING_CFLAGS = "$(inherited)";
			};
			name = MinSizeRel;
		};
		B0650CF7AC154AEDB2C6AD69 /* Release */ = {
			isa = XCBuildConfiguration;
			buildSettings = {
				COMBINE_HIDPI_IMAGES = YES;
				GCC_GENERATE_DEBUGGING_SYMBOLS = YES;
				GCC_INLINES_ARE_PRIVATE_EXTERN = NO;
				GCC_OPTIMIZATION_LEVEL = 0;
				GCC_PREPROCESSOR_DEFINITIONS = "'CMAKE_INTDIR=\"$(CONFIGURATION)$(EFFECTIVE_PLATFORM_NAME)\"'";
				GCC_SYMBOLS_PRIVATE_EXTERN = NO;
				INSTALL_PATH = "";
				OTHER_LDFLAGS = "";
				OTHER_REZFLAGS = "";
				PRODUCT_NAME = ALL_BUILD;
				SECTORDER_FLAGS = "";
				SYMROOT = /Volumes/TOSHIBA/cadex_cpp/xcode;
				USE_HEADERMAP = NO;
				WARNING_CFLAGS = "$(inherited)";
			};
			name = Release;
		};
		B3690ACA49C244568AC3F8BB /* MinSizeRel */ = {
			isa = XCBuildConfiguration;
			buildSettings = {
				ARCHS = "$(NATIVE_ARCH_ACTUAL)";
				MACOSX_DEPLOYMENT_TARGET = 10.15;
				ONLY_ACTIVE_ARCH = YES;
				SDKROOT = /Applications/Xcode.app/Contents/Developer/Platforms/MacOSX.platform/Developer/SDKs/MacOSX11.1.sdk;
				SYMROOT = /Volumes/TOSHIBA/cadex_cpp/xcode/build;
			};
			name = MinSizeRel;
		};
		C404C2A1DEE745A9B1B1D54F /* RelWithDebInfo */ = {
			isa = XCBuildConfiguration;
			buildSettings = {
				COMBINE_HIDPI_IMAGES = YES;
				GCC_GENERATE_DEBUGGING_SYMBOLS = YES;
				GCC_INLINES_ARE_PRIVATE_EXTERN = NO;
				GCC_OPTIMIZATION_LEVEL = 0;
				GCC_PREPROCESSOR_DEFINITIONS = "'CMAKE_INTDIR=\"$(CONFIGURATION)$(EFFECTIVE_PLATFORM_NAME)\"'";
				GCC_SYMBOLS_PRIVATE_EXTERN = NO;
				INSTALL_PATH = "";
				OTHER_LDFLAGS = "";
				OTHER_REZFLAGS = "";
				PRODUCT_NAME = ALL_BUILD;
				SECTORDER_FLAGS = "";
				SYMROOT = /Volumes/TOSHIBA/cadex_cpp/xcode;
				USE_HEADERMAP = NO;
				WARNING_CFLAGS = "$(inherited)";
			};
			name = RelWithDebInfo;
		};
		FF3F5635C52240C491E7344D /* Debug */ = {
			isa = XCBuildConfiguration;
			buildSettings = {
				COMBINE_HIDPI_IMAGES = YES;
				GCC_GENERATE_DEBUGGING_SYMBOLS = YES;
				GCC_INLINES_ARE_PRIVATE_EXTERN = NO;
				GCC_OPTIMIZATION_LEVEL = 0;
				GCC_PREPROCESSOR_DEFINITIONS = "'CMAKE_INTDIR=\"$(CONFIGURATION)$(EFFECTIVE_PLATFORM_NAME)\"'";
				GCC_SYMBOLS_PRIVATE_EXTERN = NO;
				INSTALL_PATH = "";
				OTHER_LDFLAGS = "";
				OTHER_REZFLAGS = "";
				PRODUCT_NAME = ZERO_CHECK;
				SECTORDER_FLAGS = "";
				SYMROOT = /Volumes/TOSHIBA/cadex_cpp/xcode;
				USE_HEADERMAP = NO;
				WARNING_CFLAGS = "$(inherited)";
			};
			name = Debug;
		};
/* End XCBuildConfiguration section */

/* Begin XCConfigurationList section */
		48D7224F945D4BB895F65F28 /* Build configuration list for PBXProject "cadex_cpp" */ = {
			isa = XCConfigurationList;
			buildConfigurations = (
				6C774AA871C747F286D731ED /* Debug */,
				4DB857F1875047F7867AB848 /* Release */,
				B3690ACA49C244568AC3F8BB /* MinSizeRel */,
				1F360B95ED124FFB88445051 /* RelWithDebInfo */,
			);
			defaultConfigurationIsVisible = 0;
			defaultConfigurationName = Debug;
		};
		BBAD967DA3AA4B4083A5A938 /* Build configuration list for PBXNativeTarget "app" */ = {
			isa = XCConfigurationList;
			buildConfigurations = (
				5A917263E9DD4DB291ABD044 /* Debug */,
				3FFDFCBEFBB7448DAF0D84DE /* Release */,
				0A6312806AC343FBAE53F598 /* MinSizeRel */,
				9F2C50F938944D03B0422AC2 /* RelWithDebInfo */,
			);
			defaultConfigurationIsVisible = 0;
			defaultConfigurationName = Debug;
		};
		CFC4F4F1295447B9B8E82ADD /* Build configuration list for PBXAggregateTarget "ZERO_CHECK" */ = {
			isa = XCConfigurationList;
			buildConfigurations = (
				FF3F5635C52240C491E7344D /* Debug */,
				11EF721A298346EE9D62F382 /* Release */,
				AED4C8C7B0BD4BA098D73DEF /* MinSizeRel */,
				4CF8DF86F13E4E3AAF20AB8A /* RelWithDebInfo */,
			);
			defaultConfigurationIsVisible = 0;
			defaultConfigurationName = Debug;
		};
		FDB5E32BBE2B49D29535E91E /* Build configuration list for PBXAggregateTarget "ALL_BUILD" */ = {
			isa = XCConfigurationList;
			buildConfigurations = (
				6F85E5F542FA4F6EB3B8C3A6 /* Debug */,
				B0650CF7AC154AEDB2C6AD69 /* Release */,
				6BB5FACAF9D642CFA52C825C /* MinSizeRel */,
				C404C2A1DEE745A9B1B1D54F /* RelWithDebInfo */,
			);
			defaultConfigurationIsVisible = 0;
			defaultConfigurationName = Debug;
		};
/* End XCConfigurationList section */
	};
	rootObject = 1C46516217F642A58D54E688 /* Project object */;
}
