// !$*UTF8*$!
{
	archiveVersion = 1;
	classes = {
	};
	objectVersion = 46;
	objects = {

/* Begin PBXAggregateTarget section */
		037F74433C4C4EB4AFA7DF6E /* ALL_BUILD */ = {
			isa = PBXAggregateTarget;
			buildConfigurationList = 4CF1A5D7632D44D3B05F8406 /* Build configuration list for PBXAggregateTarget "ALL_BUILD" */;
			buildPhases = (
				89A82F88098F3D11A7F6930D /* Generate CMakeFiles/ALL_BUILD */,
			);
			dependencies = (
				4E3CB391EDE24E9484057D8C /* PBXTargetDependency */,
				3D2BEA836F624FC5BA53F5F5 /* PBXTargetDependency */,
			);
			name = ALL_BUILD;
			productName = ALL_BUILD;
		};
		28B2C64206AC4DF4B9BBF37A /* ZERO_CHECK */ = {
			isa = PBXAggregateTarget;
			buildConfigurationList = 29FA7D539CBF474BB71B82A1 /* Build configuration list for PBXAggregateTarget "ZERO_CHECK" */;
			buildPhases = (
				FA9701EF3E71FA111B1D82DF /* Generate CMakeFiles/ZERO_CHECK */,
			);
			dependencies = (
			);
			name = ZERO_CHECK;
			productName = ZERO_CHECK;
		};
/* End PBXAggregateTarget section */

/* Begin PBXBuildFile section */
		8D0BED0B97FB4F2FA7F5A33E /* /Volumes/TOSHIBA/cadex_cpp/CMakeLists.txt */ = {isa = PBXBuildFile; fileRef = 1BA4947FAA41432596C56973 /* /Volumes/TOSHIBA/cadex_cpp/CMakeLists.txt */; };
		C1489DE0F88E474DA517FA37 /* /Volumes/TOSHIBA/cadex_cpp/main.cpp */ = {isa = PBXBuildFile; fileRef = BBEC1F0F20594EE8AB509060 /* /Volumes/TOSHIBA/cadex_cpp/main.cpp */; };
/* End PBXBuildFile section */

/* Begin PBXBuildStyle section */
		001E34EAECC0400691B72965 /* MinSizeRel */ = {
			isa = PBXBuildStyle;
			buildSettings = {
				COPY_PHASE_STRIP = NO;
			};
			name = MinSizeRel;
		};
		5E1E51951DC04397AB3B70A9 /* RelWithDebInfo */ = {
			isa = PBXBuildStyle;
			buildSettings = {
				COPY_PHASE_STRIP = NO;
			};
			name = RelWithDebInfo;
		};
		63EB46E68E7F4298B3228943 /* Release */ = {
			isa = PBXBuildStyle;
			buildSettings = {
				COPY_PHASE_STRIP = NO;
			};
			name = Release;
		};
		E9900F0EEC4D43D0A3D532A4 /* Debug */ = {
			isa = PBXBuildStyle;
			buildSettings = {
				COPY_PHASE_STRIP = NO;
			};
			name = Debug;
		};
/* End PBXBuildStyle section */

/* Begin PBXContainerItemProxy section */
		6372362056B34407AE9C257C /* PBXContainerItemProxy */ = {
			isa = PBXContainerItemProxy;
			containerPortal = 1C46516217F642A58D54E688 /* Project object */;
			proxyType = 1;
			remoteGlobalIDString = 928CED0B04A94E88B8EB1032;
			remoteInfo = app;
		};
		E6CA0DE3D2EE45CB8700DDD1 /* PBXContainerItemProxy */ = {
			isa = PBXContainerItemProxy;
			containerPortal = 1C46516217F642A58D54E688 /* Project object */;
			proxyType = 1;
			remoteGlobalIDString = 28B2C64206AC4DF4B9BBF37A;
			remoteInfo = ZERO_CHECK;
		};
		ED7D8010D81A474F8A7C0A99 /* PBXContainerItemProxy */ = {
			isa = PBXContainerItemProxy;
			containerPortal = 1C46516217F642A58D54E688 /* Project object */;
			proxyType = 1;
			remoteGlobalIDString = 28B2C64206AC4DF4B9BBF37A;
			remoteInfo = ZERO_CHECK;
		};
/* End PBXContainerItemProxy section */

/* Begin PBXFileReference section */
		1BA4947FAA41432596C56973 /* /Volumes/TOSHIBA/cadex_cpp/CMakeLists.txt */ = {isa = PBXFileReference; explicitFileType = sourcecode.text; fileEncoding = 4; name = CMakeLists.txt; path = CMakeLists.txt; sourceTree = SOURCE_ROOT; };
		4DFA6DC65CC84D32ABD84250 /* /Volumes/TOSHIBA/cadex_cpp/CMakeLists.txt */ = {isa = PBXFileReference; explicitFileType = sourcecode.text; fileEncoding = 4; name = CMakeLists.txt; path = CMakeLists.txt; sourceTree = SOURCE_ROOT; };
		A1B4AB86936B4388B15A3059 /* app */ = {isa = PBXFileReference; explicitFileType = "compiled.mach-o.executable"; path = app; sourceTree = BUILT_PRODUCTS_DIR; };
		BBEC1F0F20594EE8AB509060 /* /Volumes/TOSHIBA/cadex_cpp/main.cpp */ = {isa = PBXFileReference; explicitFileType = sourcecode.cpp.cpp; fileEncoding = 4; name = main.cpp; path = main.cpp; sourceTree = SOURCE_ROOT; };
/* End PBXFileReference section */

/* Begin PBXFrameworksBuildPhase section */
		551B2EEFE2D84681BDAEE930 /* Frameworks */ = {
			isa = PBXFrameworksBuildPhase;
			buildActionMask = 2147483647;
			files = (
			);
			runOnlyForDeploymentPostprocessing = 0;
		};
/* End PBXFrameworksBuildPhase section */

/* Begin PBXGroup section */
		0288081F65244367BE25011F /* Frameworks */ = {
			isa = PBXGroup;
			children = (
			);
			name = Frameworks;
			sourceTree = "<group>";
		};
		0DD33607C81C476790973D99 /* app */ = {
			isa = PBXGroup;
			children = (
				273EFFE3A97E49F7917D639D /* Source Files */,
				1BA4947FAA41432596C56973 /* /Volumes/TOSHIBA/cadex_cpp/CMakeLists.txt */,
			);
			name = app;
			sourceTree = "<group>";
		};
		273EFFE3A97E49F7917D639D /* Source Files */ = {
			isa = PBXGroup;
			children = (
				BBEC1F0F20594EE8AB509060 /* /Volumes/TOSHIBA/cadex_cpp/main.cpp */,
			);
			name = "Source Files";
			sourceTree = "<group>";
		};
		2844F98B410C434F9224B278 /* CMake Rules */ = {
			isa = PBXGroup;
			children = (
			);
			name = "CMake Rules";
			sourceTree = "<group>";
		};
		3893C2979F994991B360BF37 /* Products */ = {
			isa = PBXGroup;
			children = (
				A1B4AB86936B4388B15A3059 /* app */,
			);
			name = Products;
			sourceTree = "<group>";
		};
		687372CA2EBA4DDFB25D5706 /* ALL_BUILD */ = {
			isa = PBXGroup;
			children = (
				2844F98B410C434F9224B278 /* CMake Rules */,
				4DFA6DC65CC84D32ABD84250 /* /Volumes/TOSHIBA/cadex_cpp/CMakeLists.txt */,
			);
			name = ALL_BUILD;
			sourceTree = "<group>";
		};
		FB4A6B9F5E7844D68CADEECB = {
			isa = PBXGroup;
			children = (
				0DD33607C81C476790973D99 /* app */,
				687372CA2EBA4DDFB25D5706 /* ALL_BUILD */,
				3893C2979F994991B360BF37 /* Products */,
				0288081F65244367BE25011F /* Frameworks */,
			);
			sourceTree = "<group>";
		};
/* End PBXGroup section */

/* Begin PBXNativeTarget section */
		928CED0B04A94E88B8EB1032 /* app */ = {
			isa = PBXNativeTarget;
			buildConfigurationList = F634F3581A104E51AD6D8DC6 /* Build configuration list for PBXNativeTarget "app" */;
			buildPhases = (
				4FBD7C0006A1442C9AC07DAD /* Sources */,
				551B2EEFE2D84681BDAEE930 /* Frameworks */,
			);
			buildRules = (
			);
			dependencies = (
				A13BCD6F4CD043B68C08DF29 /* PBXTargetDependency */,
			);
			name = app;
			productName = app;
			productReference = A1B4AB86936B4388B15A3059 /* app */;
			productType = "com.apple.product-type.tool";
		};
/* End PBXNativeTarget section */

/* Begin PBXProject section */
		1C46516217F642A58D54E688 /* Project object */ = {
			isa = PBXProject;
			attributes = {
				BuildIndependentTargetsInParallel = YES;
				LastUpgradeCheck = 1240;
			};
			buildConfigurationList = 2EB45B8052C74422A99BCC32 /* Build configuration list for PBXProject "cadex_cpp" */;
			buildSettings = {
			};
			buildStyles = (
				E9900F0EEC4D43D0A3D532A4 /* Debug */,
				63EB46E68E7F4298B3228943 /* Release */,
				001E34EAECC0400691B72965 /* MinSizeRel */,
				5E1E51951DC04397AB3B70A9 /* RelWithDebInfo */,
			);
			compatibilityVersion = "Xcode 3.2";
			hasScannedForEncodings = 0;
			mainGroup = FB4A6B9F5E7844D68CADEECB;
			projectDirPath = ../;
			projectRoot = "";
			targets = (
				037F74433C4C4EB4AFA7DF6E /* ALL_BUILD */,
				28B2C64206AC4DF4B9BBF37A /* ZERO_CHECK */,
				928CED0B04A94E88B8EB1032 /* app */,
			);
		};
/* End PBXProject section */

/* Begin PBXShellScriptBuildPhase section */
		3C0110FC8322DE7E50886E21 = {
			isa = PBXShellScriptBuildPhase;
			buildActionMask = 2147483647;
			files = (
			);
			inputPaths = (
			);
			outputPaths = (
			);
			runOnlyForDeploymentPostprocessing = 0;
			shellPath = /bin/sh;
			shellScript = "# shell script goes here
exit 0";
			showEnvVarsInLog = 0;
		};
		89A82F88098F3D11A7F6930D /* Generate CMakeFiles/ALL_BUILD */ = {
			isa = PBXShellScriptBuildPhase;
			alwaysOutOfDate = 1;
			buildActionMask = 2147483647;
			files = (
			);
			inputPaths = (
			);
			name = "Generate CMakeFiles/ALL_BUILD";
			outputPaths = (
/Volumes/TOSHIBA/cadex_cpp/xcode/CMakeFiles/ALL_BUILD			);
			runOnlyForDeploymentPostprocessing = 0;
			shellPath = /bin/sh;
			shellScript = "set -e
if test \"$CONFIGURATION\" = \"Debug\"; then :
  cd /Volumes/TOSHIBA/cadex_cpp/xcode
  echo Build\\ all\\ projects
fi
if test \"$CONFIGURATION\" = \"Release\"; then :
  cd /Volumes/TOSHIBA/cadex_cpp/xcode
  echo Build\\ all\\ projects
fi
if test \"$CONFIGURATION\" = \"MinSizeRel\"; then :
  cd /Volumes/TOSHIBA/cadex_cpp/xcode
  echo Build\\ all\\ projects
fi
if test \"$CONFIGURATION\" = \"RelWithDebInfo\"; then :
  cd /Volumes/TOSHIBA/cadex_cpp/xcode
  echo Build\\ all\\ projects
fi
";
			showEnvVarsInLog = 0;
		};
		9B50530E35CC49C82C2FACCF = {
			isa = PBXShellScriptBuildPhase;
			buildActionMask = 2147483647;
			files = (
			);
			inputPaths = (
			);
			outputPaths = (
			);
			runOnlyForDeploymentPostprocessing = 0;
			shellPath = /bin/sh;
			shellScript = "# shell script goes here
exit 0";
			showEnvVarsInLog = 0;
		};
		FA9701EF3E71FA111B1D82DF /* Generate CMakeFiles/ZERO_CHECK */ = {
			isa = PBXShellScriptBuildPhase;
			alwaysOutOfDate = 1;
			buildActionMask = 2147483647;
			files = (
			);
			inputPaths = (
			);
			name = "Generate CMakeFiles/ZERO_CHECK";
			outputPaths = (
/Volumes/TOSHIBA/cadex_cpp/xcode/CMakeFiles/ZERO_CHECK			);
			runOnlyForDeploymentPostprocessing = 0;
			shellPath = /bin/sh;
			shellScript = "set -e
if test \"$CONFIGURATION\" = \"Debug\"; then :
  cd /Volumes/TOSHIBA/cadex_cpp/xcode
  make -f /Volumes/TOSHIBA/cadex_cpp/xcode/CMakeScripts/ReRunCMake.make
fi
if test \"$CONFIGURATION\" = \"Release\"; then :
  cd /Volumes/TOSHIBA/cadex_cpp/xcode
  make -f /Volumes/TOSHIBA/cadex_cpp/xcode/CMakeScripts/ReRunCMake.make
fi
if test \"$CONFIGURATION\" = \"MinSizeRel\"; then :
  cd /Volumes/TOSHIBA/cadex_cpp/xcode
  make -f /Volumes/TOSHIBA/cadex_cpp/xcode/CMakeScripts/ReRunCMake.make
fi
if test \"$CONFIGURATION\" = \"RelWithDebInfo\"; then :
  cd /Volumes/TOSHIBA/cadex_cpp/xcode
  make -f /Volumes/TOSHIBA/cadex_cpp/xcode/CMakeScripts/ReRunCMake.make
fi
";
			showEnvVarsInLog = 0;
		};
/* End PBXShellScriptBuildPhase section */

/* Begin PBXSourcesBuildPhase section */
		4FBD7C0006A1442C9AC07DAD /* Sources */ = {
			isa = PBXSourcesBuildPhase;
			buildActionMask = 2147483647;
			files = (
				C1489DE0F88E474DA517FA37 /* /Volumes/TOSHIBA/cadex_cpp/main.cpp */,
			);
			runOnlyForDeploymentPostprocessing = 0;
		};
/* End PBXSourcesBuildPhase section */

/* Begin PBXTargetDependency section */
		3D2BEA836F624FC5BA53F5F5 /* PBXTargetDependency */ = {
			isa = PBXTargetDependency;
			target = 28B2C64206AC4DF4B9BBF37A /* ZERO_CHECK */;
			targetProxy = ED7D8010D81A474F8A7C0A99 /* PBXContainerItemProxy */;
		};
		4E3CB391EDE24E9484057D8C /* PBXTargetDependency */ = {
			isa = PBXTargetDependency;
			target = 928CED0B04A94E88B8EB1032 /* app */;
			targetProxy = 6372362056B34407AE9C257C /* PBXContainerItemProxy */;
		};
		A13BCD6F4CD043B68C08DF29 /* PBXTargetDependency */ = {
			isa = PBXTargetDependency;
			target = 28B2C64206AC4DF4B9BBF37A /* ZERO_CHECK */;
			targetProxy = E6CA0DE3D2EE45CB8700DDD1 /* PBXContainerItemProxy */;
		};
/* End PBXTargetDependency section */

/* Begin XCBuildConfiguration section */
		0AF0A2CE405A4E628C9A2A14 /* RelWithDebInfo */ = {
			isa = XCBuildConfiguration;
			buildSettings = {
				COMBINE_HIDPI_IMAGES = YES;
				GCC_GENERATE_DEBUGGING_SYMBOLS = YES;
				GCC_INLINES_ARE_PRIVATE_EXTERN = NO;
				GCC_OPTIMIZATION_LEVEL = 0;
				GCC_PREPROCESSOR_DEFINITIONS = ("'CMAKE_INTDIR=\"$(CONFIGURATION)$(EFFECTIVE_PLATFORM_NAME)\"'");
				GCC_SYMBOLS_PRIVATE_EXTERN = NO;
				INSTALL_PATH = "";
				OTHER_LDFLAGS = ("");
				OTHER_REZFLAGS = "";
				PRODUCT_NAME = ALL_BUILD;
				SECTORDER_FLAGS = "";
				SYMROOT = /Volumes/TOSHIBA/cadex_cpp/xcode;
				USE_HEADERMAP = NO;
				WARNING_CFLAGS = ("$(inherited)");
			};
			name = RelWithDebInfo;
		};
		179B98867BE245599543005F /* Debug */ = {
			isa = XCBuildConfiguration;
			buildSettings = {
				COMBINE_HIDPI_IMAGES = YES;
				GCC_GENERATE_DEBUGGING_SYMBOLS = YES;
				GCC_INLINES_ARE_PRIVATE_EXTERN = NO;
				GCC_OPTIMIZATION_LEVEL = 0;
				GCC_PREPROCESSOR_DEFINITIONS = ("'CMAKE_INTDIR=\"$(CONFIGURATION)$(EFFECTIVE_PLATFORM_NAME)\"'");
				GCC_SYMBOLS_PRIVATE_EXTERN = NO;
				INSTALL_PATH = "";
				OTHER_LDFLAGS = ("");
				OTHER_REZFLAGS = "";
				PRODUCT_NAME = ALL_BUILD;
				SECTORDER_FLAGS = "";
				SYMROOT = /Volumes/TOSHIBA/cadex_cpp/xcode;
				USE_HEADERMAP = NO;
				WARNING_CFLAGS = ("$(inherited)");
			};
			name = Debug;
		};
		190DED500B654FE385D4D475 /* MinSizeRel */ = {
			isa = XCBuildConfiguration;
			buildSettings = {
				ARCHS = "$(NATIVE_ARCH_ACTUAL)";
				MACOSX_DEPLOYMENT_TARGET = 10.15;
				ONLY_ACTIVE_ARCH = YES;
				SDKROOT = /Applications/Xcode.app/Contents/Developer/Platforms/MacOSX.platform/Developer/SDKs/MacOSX11.1.sdk;
				SYMROOT = /Volumes/TOSHIBA/cadex_cpp/xcode/build;
			};
			name = MinSizeRel;
		};
		3537E392159944FB99F92339 /* RelWithDebInfo */ = {
			isa = XCBuildConfiguration;
			buildSettings = {
				ARCHS = "$(NATIVE_ARCH_ACTUAL)";
				MACOSX_DEPLOYMENT_TARGET = 10.15;
				ONLY_ACTIVE_ARCH = YES;
				SDKROOT = /Applications/Xcode.app/Contents/Developer/Platforms/MacOSX.platform/Developer/SDKs/MacOSX11.1.sdk;
				SYMROOT = /Volumes/TOSHIBA/cadex_cpp/xcode/build;
			};
			name = RelWithDebInfo;
		};
		4A2EE4A2A98B4598BD5CB5EB /* MinSizeRel */ = {
			isa = XCBuildConfiguration;
			buildSettings = {
				COMBINE_HIDPI_IMAGES = YES;
				GCC_GENERATE_DEBUGGING_SYMBOLS = YES;
				GCC_INLINES_ARE_PRIVATE_EXTERN = NO;
				GCC_OPTIMIZATION_LEVEL = 0;
				GCC_PREPROCESSOR_DEFINITIONS = ("'CMAKE_INTDIR=\"$(CONFIGURATION)$(EFFECTIVE_PLATFORM_NAME)\"'");
				GCC_SYMBOLS_PRIVATE_EXTERN = NO;
				INSTALL_PATH = "";
				OTHER_LDFLAGS = ("");
				OTHER_REZFLAGS = "";
				PRODUCT_NAME = ZERO_CHECK;
				SECTORDER_FLAGS = "";
				SYMROOT = /Volumes/TOSHIBA/cadex_cpp/xcode;
				USE_HEADERMAP = NO;
				WARNING_CFLAGS = ("$(inherited)");
			};
			name = MinSizeRel;
		};
		59D42FE9391B4FB08323EB83 /* Debug */ = {
			isa = XCBuildConfiguration;
			buildSettings = {
				COMBINE_HIDPI_IMAGES = YES;
				GCC_GENERATE_DEBUGGING_SYMBOLS = YES;
				GCC_INLINES_ARE_PRIVATE_EXTERN = NO;
				GCC_OPTIMIZATION_LEVEL = 0;
				GCC_PREPROCESSOR_DEFINITIONS = ("'CMAKE_INTDIR=\"$(CONFIGURATION)$(EFFECTIVE_PLATFORM_NAME)\"'");
				GCC_SYMBOLS_PRIVATE_EXTERN = NO;
				INSTALL_PATH = "";
				OTHER_LDFLAGS = ("");
				OTHER_REZFLAGS = "";
				PRODUCT_NAME = ZERO_CHECK;
				SECTORDER_FLAGS = "";
				SYMROOT = /Volumes/TOSHIBA/cadex_cpp/xcode;
				USE_HEADERMAP = NO;
				WARNING_CFLAGS = ("$(inherited)");
			};
			name = Debug;
		};
		60C43169272044D4A70B2853 /* Debug */ = {
			isa = XCBuildConfiguration;
			buildSettings = {
				COMBINE_HIDPI_IMAGES = YES;
				EXECUTABLE_PREFIX = "";
				EXECUTABLE_SUFFIX = "";
				GCC_GENERATE_DEBUGGING_SYMBOLS = YES;
				GCC_INLINES_ARE_PRIVATE_EXTERN = NO;
				GCC_OPTIMIZATION_LEVEL = 0;
				GCC_PREPROCESSOR_DEFINITIONS = ("'CMAKE_INTDIR=\"$(CONFIGURATION)$(EFFECTIVE_PLATFORM_NAME)\"'");
				GCC_SYMBOLS_PRIVATE_EXTERN = NO;
				INSTALL_PATH = "";
				OTHER_CPLUSPLUSFLAGS = "   ";
				OTHER_LDFLAGS = (" -Wl,-search_paths_first -Wl,-headerpad_max_install_names");
				OTHER_REZFLAGS = "";
				PRODUCT_NAME = app;
				SECTORDER_FLAGS = "";
				SYMROOT = /Volumes/TOSHIBA/cadex_cpp/xcode;
				USE_HEADERMAP = NO;
				WARNING_CFLAGS = ("$(inherited)");
			};
			name = Debug;
		};
		68BEA576B8BC417F80487192 /* RelWithDebInfo */ = {
			isa = XCBuildConfiguration;
			buildSettings = {
				COMBINE_HIDPI_IMAGES = YES;
				GCC_GENERATE_DEBUGGING_SYMBOLS = YES;
				GCC_INLINES_ARE_PRIVATE_EXTERN = NO;
				GCC_OPTIMIZATION_LEVEL = 0;
				GCC_PREPROCESSOR_DEFINITIONS = ("'CMAKE_INTDIR=\"$(CONFIGURATION)$(EFFECTIVE_PLATFORM_NAME)\"'");
				GCC_SYMBOLS_PRIVATE_EXTERN = NO;
				INSTALL_PATH = "";
				OTHER_LDFLAGS = ("");
				OTHER_REZFLAGS = "";
				PRODUCT_NAME = ZERO_CHECK;
				SECTORDER_FLAGS = "";
				SYMROOT = /Volumes/TOSHIBA/cadex_cpp/xcode;
				USE_HEADERMAP = NO;
				WARNING_CFLAGS = ("$(inherited)");
			};
			name = RelWithDebInfo;
		};
		6907D69537874C409721DCCE /* MinSizeRel */ = {
			isa = XCBuildConfiguration;
			buildSettings = {
				COMBINE_HIDPI_IMAGES = YES;
				GCC_GENERATE_DEBUGGING_SYMBOLS = YES;
				GCC_INLINES_ARE_PRIVATE_EXTERN = NO;
				GCC_OPTIMIZATION_LEVEL = 0;
				GCC_PREPROCESSOR_DEFINITIONS = ("'CMAKE_INTDIR=\"$(CONFIGURATION)$(EFFECTIVE_PLATFORM_NAME)\"'");
				GCC_SYMBOLS_PRIVATE_EXTERN = NO;
				INSTALL_PATH = "";
				OTHER_LDFLAGS = ("");
				OTHER_REZFLAGS = "";
				PRODUCT_NAME = ALL_BUILD;
				SECTORDER_FLAGS = "";
				SYMROOT = /Volumes/TOSHIBA/cadex_cpp/xcode;
				USE_HEADERMAP = NO;
				WARNING_CFLAGS = ("$(inherited)");
			};
			name = MinSizeRel;
		};
		798BC75C468A4533BA3893C2 /* Release */ = {
			isa = XCBuildConfiguration;
			buildSettings = {
				COMBINE_HIDPI_IMAGES = YES;
				EXECUTABLE_PREFIX = "";
				EXECUTABLE_SUFFIX = "";
				GCC_GENERATE_DEBUGGING_SYMBOLS = NO;
				GCC_INLINES_ARE_PRIVATE_EXTERN = NO;
				GCC_OPTIMIZATION_LEVEL = 3;
				GCC_PREPROCESSOR_DEFINITIONS = ("'CMAKE_INTDIR=\"$(CONFIGURATION)$(EFFECTIVE_PLATFORM_NAME)\"'");
				GCC_SYMBOLS_PRIVATE_EXTERN = NO;
				INSTALL_PATH = "";
				OTHER_CPLUSPLUSFLAGS = "    -DNDEBUG ";
				OTHER_LDFLAGS = (" -Wl,-search_paths_first -Wl,-headerpad_max_install_names");
				OTHER_REZFLAGS = "";
				PRODUCT_NAME = app;
				SECTORDER_FLAGS = "";
				SYMROOT = /Volumes/TOSHIBA/cadex_cpp/xcode;
				USE_HEADERMAP = NO;
				WARNING_CFLAGS = ("$(inherited)");
			};
			name = Release;
		};
		89953D36C0704FAFB6AF7B5B /* Release */ = {
			isa = XCBuildConfiguration;
			buildSettings = {
				COMBINE_HIDPI_IMAGES = YES;
				GCC_GENERATE_DEBUGGING_SYMBOLS = YES;
				GCC_INLINES_ARE_PRIVATE_EXTERN = NO;
				GCC_OPTIMIZATION_LEVEL = 0;
				GCC_PREPROCESSOR_DEFINITIONS = ("'CMAKE_INTDIR=\"$(CONFIGURATION)$(EFFECTIVE_PLATFORM_NAME)\"'");
				GCC_SYMBOLS_PRIVATE_EXTERN = NO;
				INSTALL_PATH = "";
				OTHER_LDFLAGS = ("");
				OTHER_REZFLAGS = "";
				PRODUCT_NAME = ALL_BUILD;
				SECTORDER_FLAGS = "";
				SYMROOT = /Volumes/TOSHIBA/cadex_cpp/xcode;
				USE_HEADERMAP = NO;
				WARNING_CFLAGS = ("$(inherited)");
			};
			name = Release;
		};
		8A5A8E952DBA41989A299B38 /* Release */ = {
			isa = XCBuildConfiguration;
			buildSettings = {
				COMBINE_HIDPI_IMAGES = YES;
				GCC_GENERATE_DEBUGGING_SYMBOLS = YES;
				GCC_INLINES_ARE_PRIVATE_EXTERN = NO;
				GCC_OPTIMIZATION_LEVEL = 0;
				GCC_PREPROCESSOR_DEFINITIONS = ("'CMAKE_INTDIR=\"$(CONFIGURATION)$(EFFECTIVE_PLATFORM_NAME)\"'");
				GCC_SYMBOLS_PRIVATE_EXTERN = NO;
				INSTALL_PATH = "";
				OTHER_LDFLAGS = ("");
				OTHER_REZFLAGS = "";
				PRODUCT_NAME = ZERO_CHECK;
				SECTORDER_FLAGS = "";
				SYMROOT = /Volumes/TOSHIBA/cadex_cpp/xcode;
				USE_HEADERMAP = NO;
				WARNING_CFLAGS = ("$(inherited)");
			};
			name = Release;
		};
		AA82D5C20C294AAC90FA6797 /* RelWithDebInfo */ = {
			isa = XCBuildConfiguration;
			buildSettings = {
				COMBINE_HIDPI_IMAGES = YES;
				EXECUTABLE_PREFIX = "";
				EXECUTABLE_SUFFIX = "";
				GCC_GENERATE_DEBUGGING_SYMBOLS = YES;
				GCC_INLINES_ARE_PRIVATE_EXTERN = NO;
				GCC_OPTIMIZATION_LEVEL = 2;
				GCC_PREPROCESSOR_DEFINITIONS = ("'CMAKE_INTDIR=\"$(CONFIGURATION)$(EFFECTIVE_PLATFORM_NAME)\"'");
				GCC_SYMBOLS_PRIVATE_EXTERN = NO;
				INSTALL_PATH = "";
				OTHER_CPLUSPLUSFLAGS = "       -DNDEBUG ";
				OTHER_LDFLAGS = (" -Wl,-search_paths_first -Wl,-headerpad_max_install_names");
				OTHER_REZFLAGS = "";
				PRODUCT_NAME = app;
				SECTORDER_FLAGS = "";
				SYMROOT = /Volumes/TOSHIBA/cadex_cpp/xcode;
				USE_HEADERMAP = NO;
				WARNING_CFLAGS = ("$(inherited)");
			};
			name = RelWithDebInfo;
		};
		EFABE26374514C4D9E7D50EC /* MinSizeRel */ = {
			isa = XCBuildConfiguration;
			buildSettings = {
				COMBINE_HIDPI_IMAGES = YES;
				EXECUTABLE_PREFIX = "";
				EXECUTABLE_SUFFIX = "";
				GCC_GENERATE_DEBUGGING_SYMBOLS = NO;
				GCC_INLINES_ARE_PRIVATE_EXTERN = NO;
				GCC_OPTIMIZATION_LEVEL = s;
				GCC_PREPROCESSOR_DEFINITIONS = ("'CMAKE_INTDIR=\"$(CONFIGURATION)$(EFFECTIVE_PLATFORM_NAME)\"'");
				GCC_SYMBOLS_PRIVATE_EXTERN = NO;
				INSTALL_PATH = "";
				OTHER_CPLUSPLUSFLAGS = "    -DNDEBUG ";
				OTHER_LDFLAGS = (" -Wl,-search_paths_first -Wl,-headerpad_max_install_names");
				OTHER_REZFLAGS = "";
				PRODUCT_NAME = app;
				SECTORDER_FLAGS = "";
				SYMROOT = /Volumes/TOSHIBA/cadex_cpp/xcode;
				USE_HEADERMAP = NO;
				WARNING_CFLAGS = ("$(inherited)");
			};
			name = MinSizeRel;
		};
		FAC407DDCBEB4C178AFD1190 /* Release */ = {
			isa = XCBuildConfiguration;
			buildSettings = {
				ARCHS = "$(NATIVE_ARCH_ACTUAL)";
				MACOSX_DEPLOYMENT_TARGET = 10.15;
				ONLY_ACTIVE_ARCH = YES;
				SDKROOT = /Applications/Xcode.app/Contents/Developer/Platforms/MacOSX.platform/Developer/SDKs/MacOSX11.1.sdk;
				SYMROOT = /Volumes/TOSHIBA/cadex_cpp/xcode/build;
			};
			name = Release;
		};
		FDFE131E85D44A5E9FE2C0E0 /* Debug */ = {
			isa = XCBuildConfiguration;
			buildSettings = {
				ARCHS = "$(NATIVE_ARCH_ACTUAL)";
				MACOSX_DEPLOYMENT_TARGET = 10.15;
				ONLY_ACTIVE_ARCH = YES;
				SDKROOT = /Applications/Xcode.app/Contents/Developer/Platforms/MacOSX.platform/Developer/SDKs/MacOSX11.1.sdk;
				SYMROOT = /Volumes/TOSHIBA/cadex_cpp/xcode/build;
			};
			name = Debug;
		};
/* End XCBuildConfiguration section */

/* Begin XCConfigurationList section */
		29FA7D539CBF474BB71B82A1 /* Build configuration list for PBXAggregateTarget "ZERO_CHECK" */ = {
			isa = XCConfigurationList;
			buildConfigurations = (
				59D42FE9391B4FB08323EB83 /* Debug */,
				8A5A8E952DBA41989A299B38 /* Release */,
				4A2EE4A2A98B4598BD5CB5EB /* MinSizeRel */,
				68BEA576B8BC417F80487192 /* RelWithDebInfo */,
			);
			defaultConfigurationIsVisible = 0;
			defaultConfigurationName = Debug;
		};
		2EB45B8052C74422A99BCC32 /* Build configuration list for PBXProject "cadex_cpp" */ = {
			isa = XCConfigurationList;
			buildConfigurations = (
				FDFE131E85D44A5E9FE2C0E0 /* Debug */,
				FAC407DDCBEB4C178AFD1190 /* Release */,
				190DED500B654FE385D4D475 /* MinSizeRel */,
				3537E392159944FB99F92339 /* RelWithDebInfo */,
			);
			defaultConfigurationIsVisible = 0;
			defaultConfigurationName = Debug;
		};
		4CF1A5D7632D44D3B05F8406 /* Build configuration list for PBXAggregateTarget "ALL_BUILD" */ = {
			isa = XCConfigurationList;
			buildConfigurations = (
				179B98867BE245599543005F /* Debug */,
				89953D36C0704FAFB6AF7B5B /* Release */,
				6907D69537874C409721DCCE /* MinSizeRel */,
				0AF0A2CE405A4E628C9A2A14 /* RelWithDebInfo */,
			);
			defaultConfigurationIsVisible = 0;
			defaultConfigurationName = Debug;
		};
		F634F3581A104E51AD6D8DC6 /* Build configuration list for PBXNativeTarget "app" */ = {
			isa = XCConfigurationList;
			buildConfigurations = (
				60C43169272044D4A70B2853 /* Debug */,
				798BC75C468A4533BA3893C2 /* Release */,
				EFABE26374514C4D9E7D50EC /* MinSizeRel */,
				AA82D5C20C294AAC90FA6797 /* RelWithDebInfo */,
			);
			defaultConfigurationIsVisible = 0;
			defaultConfigurationName = Debug;
		};
/* End XCConfigurationList section */
	};
	rootObject = 1C46516217F642A58D54E688 /* Project object */;
}
